
Microsoft Visual Studio Solution File, Format Version 12.00
# Visual Studio Version 17
VisualStudioVersion = 17.8.34511.84
MinimumVisualStudioVersion = 10.0.40219.1
Project("{FAE04EC0-301F-11D3-BF4B-00C04F79EFBC}") = "OcelotDemo", "OcelotDemo\OcelotDemo.csproj", "{61F4F929-15FE-41E4-8BC3-B71E6731A412}"
EndProject
Project("{FAE04EC0-301F-11D3-BF4B-00C04F79EFBC}") = "DemoAPIRest", "DemoAPIRest\DemoAPIRest.csproj", "{10C115BB-8A52-43D7-809A-06B6C74C027D}"
EndProject
Project("{FAE04EC0-301F-11D3-BF4B-00C04F79EFBC}") = "DemoAPIRestMini", "DemoAPIRestMini\DemoAPIRestMini.csproj", "{5AB53086-449A-4143-807B-F1088BCEC3DE}"
EndProject
Global
	GlobalSection(SolutionConfigurationPlatforms) = preSolution
		Debug|Any CPU = Debug|Any CPU
		Release|Any CPU = Release|Any CPU
	EndGlobalSection
	GlobalSection(ProjectConfigurationPlatforms) = postSolution
		{61F4F929-15FE-41E4-8BC3-B71E6731A412}.Debug|Any CPU.ActiveCfg = Debug|Any CPU
		{61F4F929-15FE-41E4-8BC3-B71E6731A412}.Debug|Any CPU.Build.0 = Debug|Any CPU
		{61F4F929-15FE-41E4-8BC3-B71E6731A412}.Release|Any CPU.ActiveCfg = Release|Any CPU
		{61F4F929-15FE-41E4-8BC3-B71E6731A412}.Release|Any CPU.Build.0 = Release|Any CPU
		{10C115BB-8A52-43D7-809A-06B6C74C027D}.Debug|Any CPU.ActiveCfg = Debug|Any CPU
		{10C115BB-8A52-43D7-809A-06B6C74C027D}.Debug|Any CPU.Build.0 = Debug|Any CPU
		{10C115BB-8A52-43D7-809A-06B6C74C027D}.Release|Any CPU.ActiveCfg = Release|Any CPU
		{10C115BB-8A52-43D7-809A-06B6C74C027D}.Release|Any CPU.Build.0 = Release|Any CPU
		{5AB53086-449A-4143-807B-F1088BCEC3DE}.Debug|Any CPU.ActiveCfg = Debug|Any CPU
		{5AB53086-449A-4143-807B-F1088BCEC3DE}.Debug|Any CPU.Build.0 = Debug|Any CPU
		{5AB53086-449A-4143-807B-F1088BCEC3DE}.Release|Any CPU.ActiveCfg = Release|Any CPU
		{5AB53086-449A-4143-807B-F1088BCEC3DE}.Release|Any CPU.Build.0 = Release|Any CPU
	EndGlobalSection
	GlobalSection(SolutionProperties) = preSolution
		HideSolutionNode = FALSE
	EndGlobalSection
	GlobalSection(ExtensibilityGlobals) = postSolution
		SolutionGuid = {A7F8CD93-9F65-4E9A-8585-4193912B4781}
	EndGlobalSection
EndGlobal
